
Microsoft Visual Studio Solution File, Format Version 12.00
# Visual Studio Version 16
VisualStudioVersion = 16.0.30011.22
MinimumVisualStudioVersion = 10.0.40219.1
Project("{8BC9CEB8-8B4A-11D0-8D11-00A0C91BC942}") = "vs2019-oilchange", "vs2019-oilchange.vcxproj", "{BA896B28-DCF3-4291-8F0E-39C7B0FCC249}"
EndProject
Global
	GlobalSection(SolutionConfigurationPlatforms) = preSolution
		Debug|x64 = Debug|x64
		Debug|x86 = Debug|x86
		Release|x64 = Release|x64
		Release|x86 = Release|x86
	EndGlobalSection
	GlobalSection(ProjectConfigurationPlatforms) = postSolution
		{BA896B28-DCF3-4291-8F0E-39C7B0FCC249}.Debug|x64.ActiveCfg = Debug|x64
		{BA896B28-DCF3-4291-8F0E-39C7B0FCC249}.Debug|x64.Build.0 = Debug|x64
		{BA896B28-DCF3-4291-8F0E-39C7B0FCC249}.Debug|x86.ActiveCfg = Debug|Win32
		{BA896B28-DCF3-4291-8F0E-39C7B0FCC249}.Debug|x86.Build.0 = Debug|Win32
		{BA896B28-DCF3-4291-8F0E-39C7B0FCC249}.Release|x64.ActiveCfg = Release|x64
		{BA896B28-DCF3-4291-8F0E-39C7B0FCC249}.Release|x64.Build.0 = Release|x64
		{BA896B28-DCF3-4291-8F0E-39C7B0FCC249}.Release|x86.ActiveCfg = Release|Win32
		{BA896B28-DCF3-4291-8F0E-39C7B0FCC249}.Release|x86.Build.0 = Release|Win32
	EndGlobalSection
	GlobalSection(SolutionProperties) = preSolution
		HideSolutionNode = FALSE
	EndGlobalSection
	GlobalSection(ExtensibilityGlobals) = postSolution
		SolutionGuid = {EFC72665-4599-472A-BF9F-B16F128123C6}
	EndGlobalSection
EndGlobal
